// !$*UTF8*$!
{
	archiveVersion = 1;
	classes = {
	};
	objectVersion = 50;
	objects = {

/* Begin PBXBuildFile section */
		3A45291721B5A72E00AC425E /* AppDelegate.swift in Sources */ = {isa = PBXBuildFile; fileRef = 3A45291621B5A72E00AC425E /* AppDelegate.swift */; };
		3A45291921B5A72E00AC425E /* ViewController.swift in Sources */ = {isa = PBXBuildFile; fileRef = 3A45291821B5A72E00AC425E /* ViewController.swift */; };
		3A45291C21B5A72E00AC425E /* Main.storyboard in Resources */ = {isa = PBXBuildFile; fileRef = 3A45291A21B5A72E00AC425E /* Main.storyboard */; };
		3A45291E21B5A73000AC425E /* Assets.xcassets in Resources */ = {isa = PBXBuildFile; fileRef = 3A45291D21B5A73000AC425E /* Assets.xcassets */; };
		3A45292121B5A73000AC425E /* LaunchScreen.storyboard in Resources */ = {isa = PBXBuildFile; fileRef = 3A45291F21B5A73000AC425E /* LaunchScreen.storyboard */; };
		3A45292C21B5A73100AC425E /* HastenSportsTests.swift in Sources */ = {isa = PBXBuildFile; fileRef = 3A45292B21B5A73100AC425E /* HastenSportsTests.swift */; };
/* End PBXBuildFile section */

/* Begin PBXContainerItemProxy section */
		3A45292821B5A73100AC425E /* PBXContainerItemProxy */ = {
			isa = PBXContainerItemProxy;
			containerPortal = 3A45290B21B5A72E00AC425E /* Project object */;
			proxyType = 1;
			remoteGlobalIDString = 3A45291221B5A72E00AC425E;
			remoteInfo = HastenSports;
		};
/* End PBXContainerItemProxy section */

/* Begin PBXFileReference section */
		3A45291321B5A72E00AC425E /* HastenSports.app */ = {isa = PBXFileReference; explicitFileType = wrapper.application; includeInIndex = 0; path = HastenSports.app; sourceTree = BUILT_PRODUCTS_DIR; };
		3A45291621B5A72E00AC425E /* AppDelegate.swift */ = {isa = PBXFileReference; lastKnownFileType = sourcecode.swift; path = AppDelegate.swift; sourceTree = "<group>"; };
		3A45291821B5A72E00AC425E /* ViewController.swift */ = {isa = PBXFileReference; lastKnownFileType = sourcecode.swift; path = ViewController.swift; sourceTree = "<group>"; };
		3A45291B21B5A72E00AC425E /* Base */ = {isa = PBXFileReference; lastKnownFileType = file.storyboard; name = Base; path = Base.lproj/Main.storyboard; sourceTree = "<group>"; };
		3A45291D21B5A73000AC425E /* Assets.xcassets */ = {isa = PBXFileReference; lastKnownFileType = folder.assetcatalog; path = Assets.xcassets; sourceTree = "<group>"; };
		3A45292021B5A73000AC425E /* Base */ = {isa = PBXFileReference; lastKnownFileType = file.storyboard; name = Base; path = Base.lproj/LaunchScreen.storyboard; sourceTree = "<group>"; };
		3A45292221B5A73000AC425E /* Info.plist */ = {isa = PBXFileReference; lastKnownFileType = text.plist.xml; path = Info.plist; sourceTree = "<group>"; };
		3A45292721B5A73100AC425E /* HastenSportsTests.xctest */ = {isa = PBXFileReference; explicitFileType = wrapper.cfbundle; includeInIndex = 0; path = HastenSportsTests.xctest; sourceTree = BUILT_PRODUCTS_DIR; };
		3A45292B21B5A73100AC425E /* HastenSportsTests.swift */ = {isa = PBXFileReference; lastKnownFileType = sourcecode.swift; path = HastenSportsTests.swift; sourceTree = "<group>"; };
		3A45292D21B5A73100AC425E /* Info.plist */ = {isa = PBXFileReference; lastKnownFileType = text.plist.xml; path = Info.plist; sourceTree = "<group>"; };
/* End PBXFileReference section */

/* Begin PBXFrameworksBuildPhase section */
		3A45291021B5A72E00AC425E /* Frameworks */ = {
			isa = PBXFrameworksBuildPhase;
			buildActionMask = 2147483647;
			files = (
			);
			runOnlyForDeploymentPostprocessing = 0;
		};
		3A45292421B5A73100AC425E /* Frameworks */ = {
			isa = PBXFrameworksBuildPhase;
			buildActionMask = 2147483647;
			files = (
			);
			runOnlyForDeploymentPostprocessing = 0;
		};
/* End PBXFrameworksBuildPhase section */

/* Begin PBXGroup section */
		3A45290A21B5A72E00AC425E = {
			isa = PBXGroup;
			children = (
				3A45291521B5A72E00AC425E /* HastenSports */,
				3A45292A21B5A73100AC425E /* HastenSportsTests */,
				3A45291421B5A72E00AC425E /* Products */,
			);
			sourceTree = "<group>";
		};
		3A45291421B5A72E00AC425E /* Products */ = {
			isa = PBXGroup;
			children = (
				3A45291321B5A72E00AC425E /* HastenSports.app */,
				3A45292721B5A73100AC425E /* HastenSportsTests.xctest */,
			);
			name = Products;
			sourceTree = "<group>";
		};
		3A45291521B5A72E00AC425E /* HastenSports */ = {
			isa = PBXGroup;
			children = (
				3A45291621B5A72E00AC425E /* AppDelegate.swift */,
				3A45291821B5A72E00AC425E /* ViewController.swift */,
				3A45291A21B5A72E00AC425E /* Main.storyboard */,
				3A45291D21B5A73000AC425E /* Assets.xcassets */,
				3A45291F21B5A73000AC425E /* LaunchScreen.storyboard */,
				3A45292221B5A73000AC425E /* Info.plist */,
			);
			path = HastenSports;
			sourceTree = "<group>";
		};
		3A45292A21B5A73100AC425E /* HastenSportsTests */ = {
			isa = PBXGroup;
			children = (
				3A45292B21B5A73100AC425E /* HastenSportsTests.swift */,
				3A45292D21B5A73100AC425E /* Info.plist */,
			);
			path = HastenSportsTests;
			sourceTree = "<group>";
		};
/* End PBXGroup section */

/* Begin PBXNativeTarget section */
		3A45291221B5A72E00AC425E /* HastenSports */ = {
			isa = PBXNativeTarget;
			buildConfigurationList = 3A45293021B5A73100AC425E /* Build configuration list for PBXNativeTarget "HastenSports" */;
			buildPhases = (
				3A45290F21B5A72E00AC425E /* Sources */,
				3A45291021B5A72E00AC425E /* Frameworks */,
				3A45291121B5A72E00AC425E /* Resources */,
			);
			buildRules = (
			);
			dependencies = (
			);
			name = HastenSports;
			productName = HastenSports;
			productReference = 3A45291321B5A72E00AC425E /* HastenSports.app */;
			productType = "com.apple.product-type.application";
		};
		3A45292621B5A73100AC425E /* HastenSportsTests */ = {
			isa = PBXNativeTarget;
			buildConfigurationList = 3A45293321B5A73100AC425E /* Build configuration list for PBXNativeTarget "HastenSportsTests" */;
			buildPhases = (
				3A45292321B5A73100AC425E /* Sources */,
				3A45292421B5A73100AC425E /* Frameworks */,
				3A45292521B5A73100AC425E /* Resources */,
			);
			buildRules = (
			);
			dependencies = (
				3A45292921B5A73100AC425E /* PBXTargetDependency */,
			);
			name = HastenSportsTests;
			productName = HastenSportsTests;
			productReference = 3A45292721B5A73100AC425E /* HastenSportsTests.xctest */;
			productType = "com.apple.product-type.bundle.unit-test";
		};
/* End PBXNativeTarget section */

/* Begin PBXProject section */
		3A45290B21B5A72E00AC425E /* Project object */ = {
			isa = PBXProject;
			attributes = {
				LastSwiftUpdateCheck = 1010;
				LastUpgradeCheck = 1010;
				ORGANIZATIONNAME = Denis;
				TargetAttributes = {
					3A45291221B5A72E00AC425E = {
						CreatedOnToolsVersion = 10.1;
					};
					3A45292621B5A73100AC425E = {
						CreatedOnToolsVersion = 10.1;
						TestTargetID = 3A45291221B5A72E00AC425E;
					};
				};
			};
			buildConfigurationList = 3A45290E21B5A72E00AC425E /* Build configuration list for PBXProject "HastenSports" */;
			compatibilityVersion = "Xcode 9.3";
			developmentRegion = en;
			hasScannedForEncodings = 0;
			knownRegions = (
				en,
				Base,
			);
			mainGroup = 3A45290A21B5A72E00AC425E;
			productRefGroup = 3A45291421B5A72E00AC425E /* Products */;
			projectDirPath = "";
			projectRoot = "";
			targets = (
				3A45291221B5A72E00AC425E /* HastenSports */,
				3A45292621B5A73100AC425E /* HastenSportsTests */,
			);
		};
/* End PBXProject section */

/* Begin PBXResourcesBuildPhase section */
		3A45291121B5A72E00AC425E /* Resources */ = {
			isa = PBXResourcesBuildPhase;
			buildActionMask = 2147483647;
			files = (
				3A45292121B5A73000AC425E /* LaunchScreen.storyboard in Resources */,
				3A45291E21B5A73000AC425E /* Assets.xcassets in Resources */,
				3A45291C21B5A72E00AC425E /* Main.storyboard in Resources */,
			);
			runOnlyForDeploymentPostprocessing = 0;
		};
		3A45292521B5A73100AC425E /* Resources */ = {
			isa = PBXResourcesBuildPhase;
			buildActionMask = 2147483647;
			files = (
			);
			runOnlyForDeploymentPostprocessing = 0;
		};
/* End PBXResourcesBuildPhase section */

/* Begin PBXSourcesBuildPhase section */
		3A45290F21B5A72E00AC425E /* Sources */ = {
			isa = PBXSourcesBuildPhase;
			buildActionMask = 2147483647;
			files = (
				3A45291921B5A72E00AC425E /* ViewController.swift in Sources */,
				3A45291721B5A72E00AC425E /* AppDelegate.swift in Sources */,
			);
			runOnlyForDeploymentPostprocessing = 0;
		};
		3A45292321B5A73100AC425E /* Sources */ = {
			isa = PBXSourcesBuildPhase;
			buildActionMask = 2147483647;
			files = (
				3A45292C21B5A73100AC425E /* HastenSportsTests.swift in Sources */,
			);
			runOnlyForDeploymentPostprocessing = 0;
		};
/* End PBXSourcesBuildPhase section */

/* Begin PBXTargetDependency section */
		3A45292921B5A73100AC425E /* PBXTargetDependency */ = {
			isa = PBXTargetDependency;
			target = 3A45291221B5A72E00AC425E /* HastenSports */;
			targetProxy = 3A45292821B5A73100AC425E /* PBXContainerItemProxy */;
		};
/* End PBXTargetDependency section */

/* Begin PBXVariantGroup section */
		3A45291A21B5A72E00AC425E /* Main.storyboard */ = {
			isa = PBXVariantGroup;
			children = (
				3A45291B21B5A72E00AC425E /* Base */,
			);
			name = Main.storyboard;
			sourceTree = "<group>";
		};
		3A45291F21B5A73000AC425E /* LaunchScreen.storyboard */ = {
			isa = PBXVariantGroup;
			children = (
				3A45292021B5A73000AC425E /* Base */,
			);
			name = LaunchScreen.storyboard;
			sourceTree = "<group>";
		};
/* End PBXVariantGroup section */

/* Begin XCBuildConfiguration section */
		3A45292E21B5A73100AC425E /* Debug */ = {
			isa = XCBuildConfiguration;
			buildSettings = {
				ALWAYS_SEARCH_USER_PATHS = NO;
				CLANG_ANALYZER_NONNULL = YES;
				CLANG_ANALYZER_NUMBER_OBJECT_CONVERSION = YES_AGGRESSIVE;
				CLANG_CXX_LANGUAGE_STANDARD = "gnu++14";
				CLANG_CXX_LIBRARY = "libc++";
				CLANG_ENABLE_MODULES = YES;
				CLANG_ENABLE_OBJC_ARC = YES;
				CLANG_ENABLE_OBJC_WEAK = YES;
				CLANG_WARN_BLOCK_CAPTURE_AUTORELEASING = YES;
				CLANG_WARN_BOOL_CONVERSION = YES;
				CLANG_WARN_COMMA = YES;
				CLANG_WARN_CONSTANT_CONVERSION = YES;
				CLANG_WARN_DEPRECATED_OBJC_IMPLEMENTATIONS = YES;
				CLANG_WARN_DIRECT_OBJC_ISA_USAGE = YES_ERROR;
				CLANG_WARN_DOCUMENTATION_COMMENTS = YES;
				CLANG_WARN_EMPTY_BODY = YES;
				CLANG_WARN_ENUM_CONVERSION = YES;
				CLANG_WARN_INFINITE_RECURSION = YES;
				CLANG_WARN_INT_CONVERSION = YES;
				CLANG_WARN_NON_LITERAL_NULL_CONVERSION = YES;
				CLANG_WARN_OBJC_IMPLICIT_RETAIN_SELF = YES;
				CLANG_WARN_OBJC_LITERAL_CONVERSION = YES;
				CLANG_WARN_OBJC_ROOT_CLASS = YES_ERROR;
				CLANG_WARN_RANGE_LOOP_ANALYSIS = YES;
				CLANG_WARN_STRICT_PROTOTYPES = YES;
				CLANG_WARN_SUSPICIOUS_MOVE = YES;
				CLANG_WARN_UNGUARDED_AVAILABILITY = YES_AGGRESSIVE;
				CLANG_WARN_UNREACHABLE_CODE = YES;
				CLANG_WARN__DUPLICATE_METHOD_MATCH = YES;
				CODE_SIGN_IDENTITY = "iPhone Developer";
				COPY_PHASE_STRIP = NO;
				DEBUG_INFORMATION_FORMAT = dwarf;
				ENABLE_STRICT_OBJC_MSGSEND = YES;
				ENABLE_TESTABILITY = YES;
				GCC_C_LANGUAGE_STANDARD = gnu11;
				GCC_DYNAMIC_NO_PIC = NO;
				GCC_NO_COMMON_BLOCKS = YES;
				GCC_OPTIMIZATION_LEVEL = 0;
				GCC_PREPROCESSOR_DEFINITIONS = (
					"DEBUG=1",
					"$(inherited)",
				);
				GCC_WARN_64_TO_32_BIT_CONVERSION = YES;
				GCC_WARN_ABOUT_RETURN_TYPE = YES_ERROR;
				GCC_WARN_UNDECLARED_SELECTOR = YES;
				GCC_WARN_UNINITIALIZED_AUTOS = YES_AGGRESSIVE;
				GCC_WARN_UNUSED_FUNCTION = YES;
				GCC_WARN_UNUSED_VARIABLE = YES;
				IPHONEOS_DEPLOYMENT_TARGET = 12.1;
				MTL_ENABLE_DEBUG_INFO = INCLUDE_SOURCE;
				MTL_FAST_MATH = YES;
				ONLY_ACTIVE_ARCH = YES;
				SDKROOT = iphoneos;
				SWIFT_ACTIVE_COMPILATION_CONDITIONS = DEBUG;
				SWIFT_OPTIMIZATION_LEVEL = "-Onone";
			};
			name = Debug;
		};
		3A45292F21B5A73100AC425E /* Release */ = {
			isa = XCBuildConfiguration;
			buildSettings = {
				ALWAYS_SEARCH_USER_PATHS = NO;
				CLANG_ANALYZER_NONNULL = YES;
				CLANG_ANALYZER_NUMBER_OBJECT_CONVERSION = YES_AGGRESSIVE;
				CLANG_CXX_LANGUAGE_STANDARD = "gnu++14";
				CLANG_CXX_LIBRARY = "libc++";
				CLANG_ENABLE_MODULES = YES;
				CLANG_ENABLE_OBJC_ARC = YES;
				CLANG_ENABLE_OBJC_WEAK = YES;
				CLANG_WARN_BLOCK_CAPTURE_AUTORELEASING = YES;
				CLANG_WARN_BOOL_CONVERSION = YES;
				CLANG_WARN_COMMA = YES;
				CLANG_WARN_CONSTANT_CONVERSION = YES;
				CLANG_WARN_DEPRECATED_OBJC_IMPLEMENTATIONS = YES;
				CLANG_WARN_DIRECT_OBJC_ISA_USAGE = YES_ERROR;
				CLANG_WARN_DOCUMENTATION_COMMENTS = YES;
				CLANG_WARN_EMPTY_BODY = YES;
				CLANG_WARN_ENUM_CONVERSION = YES;
				CLANG_WARN_INFINITE_RECURSION = YES;
				CLANG_WARN_INT_CONVERSION = YES;
				CLANG_WARN_NON_LITERAL_NULL_CONVERSION = YES;
				CLANG_WARN_OBJC_IMPLICIT_RETAIN_SELF = YES;
				CLANG_WARN_OBJC_LITERAL_CONVERSION = YES;
				CLANG_WARN_OBJC_ROOT_CLASS = YES_ERROR;
				CLANG_WARN_RANGE_LOOP_ANALYSIS = YES;
				CLANG_WARN_STRICT_PROTOTYPES = YES;
				CLANG_WARN_SUSPICIOUS_MOVE = YES;
				CLANG_WARN_UNGUARDED_AVAILABILITY = YES_AGGRESSIVE;
				CLANG_WARN_UNREACHABLE_CODE = YES;
				CLANG_WARN__DUPLICATE_METHOD_MATCH = YES;
				CODE_SIGN_IDENTITY = "iPhone Developer";
				COPY_PHASE_STRIP = NO;
				DEBUG_INFORMATION_FORMAT = "dwarf-with-dsym";
				ENABLE_NS_ASSERTIONS = NO;
				ENABLE_STRICT_OBJC_MSGSEND = YES;
				GCC_C_LANGUAGE_STANDARD = gnu11;
				GCC_NO_COMMON_BLOCKS = YES;
				GCC_WARN_64_TO_32_BIT_CONVERSION = YES;
				GCC_WARN_ABOUT_RETURN_TYPE = YES_ERROR;
				GCC_WARN_UNDECLARED_SELECTOR = YES;
				GCC_WARN_UNINITIALIZED_AUTOS = YES_AGGRESSIVE;
				GCC_WARN_UNUSED_FUNCTION = YES;
				GCC_WARN_UNUSED_VARIABLE = YES;
				IPHONEOS_DEPLOYMENT_TARGET = 12.1;
				MTL_ENABLE_DEBUG_INFO = NO;
				MTL_FAST_MATH = YES;
				SDKROOT = iphoneos;
				SWIFT_COMPILATION_MODE = wholemodule;
				SWIFT_OPTIMIZATION_LEVEL = "-O";
				VALIDATE_PRODUCT = YES;
			};
			name = Release;
		};
		3A45293121B5A73100AC425E /* Debug */ = {
			isa = XCBuildConfiguration;
			buildSettings = {
				ASSETCATALOG_COMPILER_APPICON_NAME = AppIcon;
				CODE_SIGN_STYLE = Automatic;
				INFOPLIST_FILE = HastenSports/Info.plist;
				LD_RUNPATH_SEARCH_PATHS = (
					"$(inherited)",
					"@executable_path/Frameworks",
				);
				PRODUCT_BUNDLE_IDENTIFIER = com.denis.HastenSports;
				PRODUCT_NAME = "$(TARGET_NAME)";
				SWIFT_VERSION = 4.2;
				TARGETED_DEVICE_FAMILY = "1,2";
			};
			name = Debug;
		};
		3A45293221B5A73100AC425E /* Release */ = {
			isa = XCBuildConfiguration;
			buildSettings = {
				ASSETCATALOG_COMPILER_APPICON_NAME = AppIcon;
				CODE_SIGN_STYLE = Automatic;
				INFOPLIST_FILE = HastenSports/Info.plist;
				LD_RUNPATH_SEARCH_PATHS = (
					"$(inherited)",
					"@executable_path/Frameworks",
				);
				PRODUCT_BUNDLE_IDENTIFIER = com.denis.HastenSports;
				PRODUCT_NAME = "$(TARGET_NAME)";
				SWIFT_VERSION = 4.2;
				TARGETED_DEVICE_FAMILY = "1,2";
			};
			name = Release;
		};
		3A45293421B5A73100AC425E /* Debug */ = {
			isa = XCBuildConfiguration;
			buildSettings = {
				ALWAYS_EMBED_SWIFT_STANDARD_LIBRARIES = YES;
				BUNDLE_LOADER = "$(TEST_HOST)";
				CODE_SIGN_STYLE = Automatic;
				INFOPLIST_FILE = HastenSportsTests/Info.plist;
				LD_RUNPATH_SEARCH_PATHS = (
					"$(inherited)",
					"@executable_path/Frameworks",
					"@loader_path/Frameworks",
				);
				PRODUCT_BUNDLE_IDENTIFIER = com.denis.HastenSportsTests;
				PRODUCT_NAME = "$(TARGET_NAME)";
				SWIFT_VERSION = 4.2;
				TARGETED_DEVICE_FAMILY = "1,2";
				TEST_HOST = "$(BUILT_PRODUCTS_DIR)/HastenSports.app/HastenSports";
			};
			name = Debug;
		};
		3A45293521B5A73100AC425E /* Release */ = {
			isa = XCBuildConfiguration;
			buildSettings = {
				ALWAYS_EMBED_SWIFT_STANDARD_LIBRARIES = YES;
				BUNDLE_LOADER = "$(TEST_HOST)";
				CODE_SIGN_STYLE = Automatic;
				INFOPLIST_FILE = HastenSportsTests/Info.plist;
				LD_RUNPATH_SEARCH_PATHS = (
					"$(inherited)",
					"@executable_path/Frameworks",
					"@loader_path/Frameworks",
				);
				PRODUCT_BUNDLE_IDENTIFIER = com.denis.HastenSportsTests;
				PRODUCT_NAME = "$(TARGET_NAME)";
				SWIFT_VERSION = 4.2;
				TARGETED_DEVICE_FAMILY = "1,2";
				TEST_HOST = "$(BUILT_PRODUCTS_DIR)/HastenSports.app/HastenSports";
			};
			name = Release;
		};
/* End XCBuildConfiguration section */

/* Begin XCConfigurationList section */
		3A45290E21B5A72E00AC425E /* Build configuration list for PBXProject "HastenSports" */ = {
			isa = XCConfigurationList;
			buildConfigurations = (
				3A45292E21B5A73100AC425E /* Debug */,
				3A45292F21B5A73100AC425E /* Release */,
			);
			defaultConfigurationIsVisible = 0;
			defaultConfigurationName = Release;
		};
		3A45293021B5A73100AC425E /* Build configuration list for PBXNativeTarget "HastenSports" */ = {
			isa = XCConfigurationList;
			buildConfigurations = (
				3A45293121B5A73100AC425E /* Debug */,
				3A45293221B5A73100AC425E /* Release */,
			);
			defaultConfigurationIsVisible = 0;
			defaultConfigurationName = Release;
		};
		3A45293321B5A73100AC425E /* Build configuration list for PBXNativeTarget "HastenSportsTests" */ = {
			isa = XCConfigurationList;
			buildConfigurations = (
				3A45293421B5A73100AC425E /* Debug */,
				3A45293521B5A73100AC425E /* Release */,
			);
			defaultConfigurationIsVisible = 0;
			defaultConfigurationName = Release;
		};
/* End XCConfigurationList section */
	};
	rootObject = 3A45290B21B5A72E00AC425E /* Project object */;
}
